// !$*UTF8*$!
{
	archiveVersion = 1;
	classes = {
	};
	objectVersion = 55;
	objects = {

/* Begin PBXBuildFile section */
		DE54E9A6277724C900E657FF /* main.swift in Sources */ = {isa = PBXBuildFile; fileRef = DE54E9A5277724C900E657FF /* main.swift */; };
		DE54E9AD2777251F00E657FF /* Chargerable.swift in Sources */ = {isa = PBXBuildFile; fileRef = DE54E9AC2777251F00E657FF /* Chargerable.swift */; };
		DE54E9B12777258D00E657FF /* Int.swift in Sources */ = {isa = PBXBuildFile; fileRef = DE54E9B02777258D00E657FF /* Int.swift */; };
		DE54E9B32777284C00E657FF /* MacBook.swift in Sources */ = {isa = PBXBuildFile; fileRef = DE54E9B22777284C00E657FF /* MacBook.swift */; };
/* End PBXBuildFile section */

/* Begin PBXCopyFilesBuildPhase section */
		DE54E9A0277724C900E657FF /* CopyFiles */ = {
			isa = PBXCopyFilesBuildPhase;
			buildActionMask = 2147483647;
			dstPath = /usr/share/man/man1/;
			dstSubfolderSpec = 0;
			files = (
			);
			runOnlyForDeploymentPostprocessing = 1;
		};
/* End PBXCopyFilesBuildPhase section */

/* Begin PBXFileReference section */
		DE54E9A2277724C900E657FF /* weekTestProtocolOrientedProgramming */ = {isa = PBXFileReference; explicitFileType = "compiled.mach-o.executable"; includeInIndex = 0; path = weekTestProtocolOrientedProgramming; sourceTree = BUILT_PRODUCTS_DIR; };
		DE54E9A5277724C900E657FF /* main.swift */ = {isa = PBXFileReference; lastKnownFileType = sourcecode.swift; path = main.swift; sourceTree = "<group>"; };
		DE54E9AC2777251F00E657FF /* Chargerable.swift */ = {isa = PBXFileReference; lastKnownFileType = sourcecode.swift; path = Chargerable.swift; sourceTree = "<group>"; };
		DE54E9B02777258D00E657FF /* Int.swift */ = {isa = PBXFileReference; lastKnownFileType = sourcecode.swift; path = Int.swift; sourceTree = "<group>"; };
		DE54E9B22777284C00E657FF /* MacBook.swift */ = {isa = PBXFileReference; lastKnownFileType = sourcecode.swift; path = MacBook.swift; sourceTree = "<group>"; };
/* End PBXFileReference section */

/* Begin PBXFrameworksBuildPhase section */
		DE54E99F277724C900E657FF /* Frameworks */ = {
			isa = PBXFrameworksBuildPhase;
			buildActionMask = 2147483647;
			files = (
			);
			runOnlyForDeploymentPostprocessing = 0;
		};
/* End PBXFrameworksBuildPhase section */

/* Begin PBXGroup section */
		DE54E999277724C900E657FF = {
			isa = PBXGroup;
			children = (
				DE54E9A4277724C900E657FF /* weekTestProtocolOrientedProgramming */,
				DE54E9A3277724C900E657FF /* Products */,
			);
			sourceTree = "<group>";
		};
		DE54E9A3277724C900E657FF /* Products */ = {
			isa = PBXGroup;
			children = (
				DE54E9A2277724C900E657FF /* weekTestProtocolOrientedProgramming */,
			);
			name = Products;
			sourceTree = "<group>";
		};
		DE54E9A4277724C900E657FF /* weekTestProtocolOrientedProgramming */ = {
			isa = PBXGroup;
			children = (
				DE54E9AF2777257600E657FF /* Protocol */,
				DE54E9AE2777256400E657FF /* Typealias */,
				DE54E9A5277724C900E657FF /* main.swift */,
				DE54E9B22777284C00E657FF /* MacBook.swift */,
			);
			path = weekTestProtocolOrientedProgramming;
			sourceTree = "<group>";
		};
		DE54E9AE2777256400E657FF /* Typealias */ = {
			isa = PBXGroup;
			children = (
				DE54E9B02777258D00E657FF /* Int.swift */,
			);
			path = Typealias;
			sourceTree = "<group>";
		};
		DE54E9AF2777257600E657FF /* Protocol */ = {
			isa = PBXGroup;
			children = (
				DE54E9AC2777251F00E657FF /* Chargerable.swift */,
			);
			path = Protocol;
			sourceTree = "<group>";
		};
/* End PBXGroup section */

/* Begin PBXNativeTarget section */
		DE54E9A1277724C900E657FF /* weekTestProtocolOrientedProgramming */ = {
			isa = PBXNativeTarget;
			buildConfigurationList = DE54E9A9277724C900E657FF /* Build configuration list for PBXNativeTarget "weekTestProtocolOrientedProgramming" */;
			buildPhases = (
				DE54E99E277724C900E657FF /* Sources */,
				DE54E99F277724C900E657FF /* Frameworks */,
				DE54E9A0277724C900E657FF /* CopyFiles */,
			);
			buildRules = (
			);
			dependencies = (
			);
			name = weekTestProtocolOrientedProgramming;
			productName = weekTestProtocolOrientedProgramming;
			productReference = DE54E9A2277724C900E657FF /* weekTestProtocolOrientedProgramming */;
			productType = "com.apple.product-type.tool";
		};
/* End PBXNativeTarget section */

/* Begin PBXProject section */
		DE54E99A277724C900E657FF /* Project object */ = {
			isa = PBXProject;
			attributes = {
				BuildIndependentTargetsInParallel = 1;
				LastSwiftUpdateCheck = 1300;
				LastUpgradeCheck = 1300;
				TargetAttributes = {
					DE54E9A1277724C900E657FF = {
						CreatedOnToolsVersion = 13.0;
					};
				};
			};
			buildConfigurationList = DE54E99D277724C900E657FF /* Build configuration list for PBXProject "weekTestProtocolOrientedProgramming" */;
			compatibilityVersion = "Xcode 13.0";
			developmentRegion = en;
			hasScannedForEncodings = 0;
			knownRegions = (
				en,
				Base,
			);
			mainGroup = DE54E999277724C900E657FF;
			productRefGroup = DE54E9A3277724C900E657FF /* Products */;
			projectDirPath = "";
			projectRoot = "";
			targets = (
				DE54E9A1277724C900E657FF /* weekTestProtocolOrientedProgramming */,
			);
		};
/* End PBXProject section */

/* Begin PBXSourcesBuildPhase section */
		DE54E99E277724C900E657FF /* Sources */ = {
			isa = PBXSourcesBuildPhase;
			buildActionMask = 2147483647;
			files = (
				DE54E9B32777284C00E657FF /* MacBook.swift in Sources */,
				DE54E9B12777258D00E657FF /* Int.swift in Sources */,
				DE54E9AD2777251F00E657FF /* Chargerable.swift in Sources */,
				DE54E9A6277724C900E657FF /* main.swift in Sources */,
			);
			runOnlyForDeploymentPostprocessing = 0;
		};
/* End PBXSourcesBuildPhase section */

/* Begin XCBuildConfiguration section */
		DE54E9A7277724C900E657FF /* Debug */ = {
			isa = XCBuildConfiguration;
			buildSettings = {
				ALWAYS_SEARCH_USER_PATHS = NO;
				CLANG_ANALYZER_NONNULL = YES;
				CLANG_ANALYZER_NUMBER_OBJECT_CONVERSION = YES_AGGRESSIVE;
				CLANG_CXX_LANGUAGE_STANDARD = "gnu++17";
				CLANG_CXX_LIBRARY = "libc++";
				CLANG_ENABLE_MODULES = YES;
				CLANG_ENABLE_OBJC_ARC = YES;
				CLANG_ENABLE_OBJC_WEAK = YES;
				CLANG_WARN_BLOCK_CAPTURE_AUTORELEASING = YES;
				CLANG_WARN_BOOL_CONVERSION = YES;
				CLANG_WARN_COMMA = YES;
				CLANG_WARN_CONSTANT_CONVERSION = YES;
				CLANG_WARN_DEPRECATED_OBJC_IMPLEMENTATIONS = YES;
				CLANG_WARN_DIRECT_OBJC_ISA_USAGE = YES_ERROR;
				CLANG_WARN_DOCUMENTATION_COMMENTS = YES;
				CLANG_WARN_EMPTY_BODY = YES;
				CLANG_WARN_ENUM_CONVERSION = YES;
				CLANG_WARN_INFINITE_RECURSION = YES;
				CLANG_WARN_INT_CONVERSION = YES;
				CLANG_WARN_NON_LITERAL_NULL_CONVERSION = YES;
				CLANG_WARN_OBJC_IMPLICIT_RETAIN_SELF = YES;
				CLANG_WARN_OBJC_LITERAL_CONVERSION = YES;
				CLANG_WARN_OBJC_ROOT_CLASS = YES_ERROR;
				CLANG_WARN_QUOTED_INCLUDE_IN_FRAMEWORK_HEADER = YES;
				CLANG_WARN_RANGE_LOOP_ANALYSIS = YES;
				CLANG_WARN_STRICT_PROTOTYPES = YES;
				CLANG_WARN_SUSPICIOUS_MOVE = YES;
				CLANG_WARN_UNGUARDED_AVAILABILITY = YES_AGGRESSIVE;
				CLANG_WARN_UNREACHABLE_CODE = YES;
				CLANG_WARN__DUPLICATE_METHOD_MATCH = YES;
				COPY_PHASE_STRIP = NO;
				DEBUG_INFORMATION_FORMAT = dwarf;
				ENABLE_STRICT_OBJC_MSGSEND = YES;
				ENABLE_TESTABILITY = YES;
				GCC_C_LANGUAGE_STANDARD = gnu11;
				GCC_DYNAMIC_NO_PIC = NO;
				GCC_NO_COMMON_BLOCKS = YES;
				GCC_OPTIMIZATION_LEVEL = 0;
				GCC_PREPROCESSOR_DEFINITIONS = (
					"DEBUG=1",
					"$(inherited)",
				);
				GCC_WARN_64_TO_32_BIT_CONVERSION = YES;
				GCC_WARN_ABOUT_RETURN_TYPE = YES_ERROR;
				GCC_WARN_UNDECLARED_SELECTOR = YES;
				GCC_WARN_UNINITIALIZED_AUTOS = YES_AGGRESSIVE;
				GCC_WARN_UNUSED_FUNCTION = YES;
				GCC_WARN_UNUSED_VARIABLE = YES;
				MACOSX_DEPLOYMENT_TARGET = 11.3;
				MTL_ENABLE_DEBUG_INFO = INCLUDE_SOURCE;
				MTL_FAST_MATH = YES;
				ONLY_ACTIVE_ARCH = YES;
				SDKROOT = macosx;
				SWIFT_ACTIVE_COMPILATION_CONDITIONS = DEBUG;
				SWIFT_OPTIMIZATION_LEVEL = "-Onone";
			};
			name = Debug;
		};
		DE54E9A8277724C900E657FF /* Release */ = {
			isa = XCBuildConfiguration;
			buildSettings = {
				ALWAYS_SEARCH_USER_PATHS = NO;
				CLANG_ANALYZER_NONNULL = YES;
				CLANG_ANALYZER_NUMBER_OBJECT_CONVERSION = YES_AGGRESSIVE;
				CLANG_CXX_LANGUAGE_STANDARD = "gnu++17";
				CLANG_CXX_LIBRARY = "libc++";
				CLANG_ENABLE_MODULES = YES;
				CLANG_ENABLE_OBJC_ARC = YES;
				CLANG_ENABLE_OBJC_WEAK = YES;
				CLANG_WARN_BLOCK_CAPTURE_AUTORELEASING = YES;
				CLANG_WARN_BOOL_CONVERSION = YES;
				CLANG_WARN_COMMA = YES;
				CLANG_WARN_CONSTANT_CONVERSION = YES;
				CLANG_WARN_DEPRECATED_OBJC_IMPLEMENTATIONS = YES;
				CLANG_WARN_DIRECT_OBJC_ISA_USAGE = YES_ERROR;
				CLANG_WARN_DOCUMENTATION_COMMENTS = YES;
				CLANG_WARN_EMPTY_BODY = YES;
				CLANG_WARN_ENUM_CONVERSION = YES;
				CLANG_WARN_INFINITE_RECURSION = YES;
				CLANG_WARN_INT_CONVERSION = YES;
				CLANG_WARN_NON_LITERAL_NULL_CONVERSION = YES;
				CLANG_WARN_OBJC_IMPLICIT_RETAIN_SELF = YES;
				CLANG_WARN_OBJC_LITERAL_CONVERSION = YES;
				CLANG_WARN_OBJC_ROOT_CLASS = YES_ERROR;
				CLANG_WARN_QUOTED_INCLUDE_IN_FRAMEWORK_HEADER = YES;
				CLANG_WARN_RANGE_LOOP_ANALYSIS = YES;
				CLANG_WARN_STRICT_PROTOTYPES = YES;
				CLANG_WARN_SUSPICIOUS_MOVE = YES;
				CLANG_WARN_UNGUARDED_AVAILABILITY = YES_AGGRESSIVE;
				CLANG_WARN_UNREACHABLE_CODE = YES;
				CLANG_WARN__DUPLICATE_METHOD_MATCH = YES;
				COPY_PHASE_STRIP = NO;
				DEBUG_INFORMATION_FORMAT = "dwarf-with-dsym";
				ENABLE_NS_ASSERTIONS = NO;
				ENABLE_STRICT_OBJC_MSGSEND = YES;
				GCC_C_LANGUAGE_STANDARD = gnu11;
				GCC_NO_COMMON_BLOCKS = YES;
				GCC_WARN_64_TO_32_BIT_CONVERSION = YES;
				GCC_WARN_ABOUT_RETURN_TYPE = YES_ERROR;
				GCC_WARN_UNDECLARED_SELECTOR = YES;
				GCC_WARN_UNINITIALIZED_AUTOS = YES_AGGRESSIVE;
				GCC_WARN_UNUSED_FUNCTION = YES;
				GCC_WARN_UNUSED_VARIABLE = YES;
				MACOSX_DEPLOYMENT_TARGET = 11.3;
				MTL_ENABLE_DEBUG_INFO = NO;
				MTL_FAST_MATH = YES;
				SDKROOT = macosx;
				SWIFT_COMPILATION_MODE = wholemodule;
				SWIFT_OPTIMIZATION_LEVEL = "-O";
			};
			name = Release;
		};
		DE54E9AA277724C900E657FF /* Debug */ = {
			isa = XCBuildConfiguration;
			buildSettings = {
				CODE_SIGN_STYLE = Automatic;
				PRODUCT_NAME = "$(TARGET_NAME)";
				SWIFT_VERSION = 5.0;
			};
			name = Debug;
		};
		DE54E9AB277724C900E657FF /* Release */ = {
			isa = XCBuildConfiguration;
			buildSettings = {
				CODE_SIGN_STYLE = Automatic;
				PRODUCT_NAME = "$(TARGET_NAME)";
				SWIFT_VERSION = 5.0;
			};
			name = Release;
		};
/* End XCBuildConfiguration section */

/* Begin XCConfigurationList section */
		DE54E99D277724C900E657FF /* Build configuration list for PBXProject "weekTestProtocolOrientedProgramming" */ = {
			isa = XCConfigurationList;
			buildConfigurations = (
				DE54E9A7277724C900E657FF /* Debug */,
				DE54E9A8277724C900E657FF /* Release */,
			);
			defaultConfigurationIsVisible = 0;
			defaultConfigurationName = Release;
		};
		DE54E9A9277724C900E657FF /* Build configuration list for PBXNativeTarget "weekTestProtocolOrientedProgramming" */ = {
			isa = XCConfigurationList;
			buildConfigurations = (
				DE54E9AA277724C900E657FF /* Debug */,
				DE54E9AB277724C900E657FF /* Release */,
			);
			defaultConfigurationIsVisible = 0;
			defaultConfigurationName = Release;
		};
/* End XCConfigurationList section */
	};
	rootObject = DE54E99A277724C900E657FF /* Project object */;
}
